<?xml version="1.0" encoding="utf-8"?>
<Project ToolsVersion="4.0" xmlns="http://schemas.microsoft.com/developer/msbuild/2003">
  <ItemGroup>
    <Filter Include="Source Files">
      <UniqueIdentifier>{4FC737F1-C7A5-4376-A066-2A32D752A2FF}</UniqueIdentifier>
      <Extensions>cpp;c;cc;cxx;def;odl;idl;hpj;bat;asm;asmx</Extensions>
    </Filter>
    <Filter Include="Header Files">
      <UniqueIdentifier>{93995380-89BD-4b04-88EB-625FBE52EBFB}</UniqueIdentifier>
      <Extensions>h;hh;hpp;hxx;hm;inl;inc;ipp;xsd</Extensions>
    </Filter>
    <Filter Include="Resource Files">
      <UniqueIdentifier>{67DA6AB6-F800-4c08-8B7A-83BB121AAD01}</UniqueIdentifier>
      <Extensions>rc;ico;cur;bmp;dlg;rc2;rct;bin;rgs;gif;jpg;jpeg;jpe;resx;tiff;tif;png;wav;mfcribbon-ms</Extensions>
    </Filter>
    <Filter Include="Header Files\core">
      <UniqueIdentifier>{5a9d9b3c-f770-4c25-8fd7-221bcd9fa1f0}</UniqueIdentifier>
    </Filter>
    <Filter Include="Source Files\core">
      <UniqueIdentifier>{c38fcd32-82d8-4674-baef-99a96ff77561}</UniqueIdentifier>
    </Filter>
    <Filter Include="Header Files\math">
      <UniqueIdentifier>{6056a5c5-8c3e-4dee-8fe3-921552dbd2ea}</UniqueIdentifier>
    </Filter>
    <Filter Include="Source Files\math">
      <UniqueIdentifier>{191fcfbb-aad5-43a5-b3fb-132d5d5fcca6}</UniqueIdentifier>
    </Filter>
    <Filter Include="Header Files\components">
      <UniqueIdentifier>{cee5354f-56b4-401b-a633-0fbf90caaccc}</UniqueIdentifier>
    </Filter>
    <Filter Include="Source Files\components">
      <UniqueIdentifier>{75e988c4-ed5c-4e13-97e1-79f59ca4338b}</UniqueIdentifier>
    </Filter>
    <Filter Include="Header Files\systems">
      <UniqueIdentifier>{0370e7c4-387e-4cd1-b256-75420e7b8a88}</UniqueIdentifier>
    </Filter>
    <Filter Include="Source Files\systems">
      <UniqueIdentifier>{28efcd58-5601-409c-abda-4cb22d466ac1}</UniqueIdentifier>
    </Filter>
    <Filter Include="Header Files\graphics">
      <UniqueIdentifier>{d3b833ab-fd0c-47f7-be7f-f7b85d37c3d5}</UniqueIdentifier>
    </Filter>
    <Filter Include="Source Files\graphics">
      <UniqueIdentifier>{7a599fdb-b045-4d5d-bf33-017845b4569d}</UniqueIdentifier>
    </Filter>
    <Filter Include="Header Files\graphics\mesh">
      <UniqueIdentifier>{bcf67301-419c-44bf-9e8c-7387435b333a}</UniqueIdentifier>
    </Filter>
    <Filter Include="Source Files\graphics\mesh">
      <UniqueIdentifier>{dabad1dc-1ba9-400c-aa97-b031154ef108}</UniqueIdentifier>
    </Filter>
    <Filter Include="Source Files\graphics\shaders">
      <UniqueIdentifier>{e2faf528-daab-4851-9a9b-4748b68a62cf}</UniqueIdentifier>
    </Filter>
    <Filter Include="Header Files\graphics\shaders">
      <UniqueIdentifier>{a027a706-3dca-488b-aee3-ecf2d70f67bd}</UniqueIdentifier>
    </Filter>
    <Filter Include="Header Files\includes">
      <UniqueIdentifier>{8ee4e678-79cf-402a-a22e-b14cb08328eb}</UniqueIdentifier>
    </Filter>
    <Filter Include="Header Files\graphics\resource management">
      <UniqueIdentifier>{9f1b597a-d7b1-4d4e-bf99-46d0c5c13870}</UniqueIdentifier>
    </Filter>
    <Filter Include="Header Files\graphics\scene">
      <UniqueIdentifier>{893156d2-e312-4c8a-a81d-e4b28ae2ece2}</UniqueIdentifier>
    </Filter>
    <Filter Include="Source Files\graphics\scene">
      <UniqueIdentifier>{1f201e33-2d10-4cd0-92c9-5bc6acb5b2e4}</UniqueIdentifier>
    </Filter>
    <Filter Include="Header Files\graphics\lighting">
      <UniqueIdentifier>{c19ab493-afae-4970-bb7a-0bf78e56497b}</UniqueIdentifier>
    </Filter>
    <Filter Include="Header Files\graphics\rendering">
      <UniqueIdentifier>{3cce3837-8da6-4548-9fdb-d788d5fd072e}</UniqueIdentifier>
    </Filter>
  </ItemGroup>
  <ItemGroup>
    <ClInclude Include="types.hpp">
      <Filter>Header Files\core</Filter>
    </ClInclude>
    <ClInclude Include="component_manager.hpp">
      <Filter>Header Files\core</Filter>
    </ClInclude>
    <ClInclude Include="engine.hpp">
      <Filter>Header Files\core</Filter>
    </ClInclude>
    <ClInclude Include="entity_manager.hpp">
      <Filter>Header Files\core</Filter>
    </ClInclude>
    <ClInclude Include="event.hpp">
      <Filter>Header Files\core</Filter>
    </ClInclude>
    <ClInclude Include="event_manager.hpp">
      <Filter>Header Files\core</Filter>
    </ClInclude>
    <ClInclude Include="system.hpp">
      <Filter>Header Files\core</Filter>
    </ClInclude>
    <ClInclude Include="system_manager.hpp">
      <Filter>Header Files\core</Filter>
    </ClInclude>
    <ClInclude Include="vec2.hpp">
      <Filter>Header Files\math</Filter>
    </ClInclude>
    <ClInclude Include="vec3.hpp">
      <Filter>Header Files\math</Filter>
    </ClInclude>
    <ClInclude Include="vec4.hpp">
      <Filter>Header Files\math</Filter>
    </ClInclude>
    <ClInclude Include="mat4.hpp">
      <Filter>Header Files\math</Filter>
    </ClInclude>
    <ClInclude Include="components.hpp">
      <Filter>Header Files\components</Filter>
    </ClInclude>
    <ClInclude Include="camera.hpp">
      <Filter>Header Files\components</Filter>
    </ClInclude>
    <ClInclude Include="camera_control_system.hpp">
      <Filter>Header Files\systems</Filter>
    </ClInclude>
    <ClInclude Include="physics_system.hpp">
      <Filter>Header Files\systems</Filter>
    </ClInclude>
    <ClInclude Include="player_control_system.hpp">
      <Filter>Header Files\systems</Filter>
    </ClInclude>
    <ClInclude Include="render_system.hpp">
      <Filter>Header Files\systems</Filter>
    </ClInclude>
    <ClInclude Include="transforms.hpp">
      <Filter>Header Files\math</Filter>
    </ClInclude>
    <ClInclude Include="mat3.hpp">
      <Filter>Header Files\math</Filter>
    </ClInclude>
    <ClInclude Include="mesh.hpp">
      <Filter>Header Files\graphics\mesh</Filter>
    </ClInclude>
    <ClInclude Include="shader.hpp">
      <Filter>Header Files\graphics\shaders</Filter>
    </ClInclude>
    <ClInclude Include="texture.hpp">
      <Filter>Header Files\graphics\shaders</Filter>
    </ClInclude>
    <ClInclude Include="stb_image.hpp">
      <Filter>Header Files\includes</Filter>
    </ClInclude>
    <ClInclude Include="resource_manager.hpp">
      <Filter>Header Files\graphics\resource management</Filter>
    </ClInclude>
    <ClInclude Include="mesh_loader.hpp">
      <Filter>Header Files\graphics\resource management</Filter>
    </ClInclude>
    <ClInclude Include="scene_node.hpp">
      <Filter>Header Files\graphics\scene</Filter>
    </ClInclude>
    <ClInclude Include="material.hpp">
      <Filter>Header Files\graphics\shaders</Filter>
    </ClInclude>
    <ClInclude Include="shading_types.hpp">
      <Filter>Header Files\graphics\shaders</Filter>
    </ClInclude>
    <ClInclude Include="main.hpp">
      <Filter>Header Files</Filter>
    </ClInclude>
    <ClInclude Include="point_light.hpp">
      <Filter>Header Files\graphics\lighting</Filter>
    </ClInclude>
    <ClInclude Include="directional_light.hpp">
      <Filter>Header Files\graphics\lighting</Filter>
    </ClInclude>
    <ClInclude Include="render_target.hpp">
      <Filter>Header Files\graphics\rendering</Filter>
    </ClInclude>
    <ClInclude Include="texture_cube.hpp">
      <Filter>Header Files\graphics\shaders</Filter>
    </ClInclude>
  </ItemGroup>
  <ItemGroup>
    <ClCompile Include="component_manager.cpp">
      <Filter>Source Files\core</Filter>
    </ClCompile>
    <ClCompile Include="engine.cpp">
      <Filter>Source Files\core</Filter>
    </ClCompile>
    <ClCompile Include="entity_manager.cpp">
      <Filter>Source Files\core</Filter>
    </ClCompile>
    <ClCompile Include="event.cpp">
      <Filter>Source Files\core</Filter>
    </ClCompile>
    <ClCompile Include="event_manager.cpp">
      <Filter>Source Files\core</Filter>
    </ClCompile>
    <ClCompile Include="system_manager.cpp">
      <Filter>Source Files\core</Filter>
    </ClCompile>
    <ClCompile Include="vec2.cpp">
      <Filter>Source Files\math</Filter>
    </ClCompile>
    <ClCompile Include="vec3.cpp">
      <Filter>Source Files\math</Filter>
    </ClCompile>
    <ClCompile Include="vec4.cpp">
      <Filter>Source Files\math</Filter>
    </ClCompile>
    <ClCompile Include="mat4.cpp">
      <Filter>Source Files\math</Filter>
    </ClCompile>
    <ClCompile Include="camera.cpp">
      <Filter>Source Files\components</Filter>
    </ClCompile>
    <ClCompile Include="camera_control_system.cpp">
      <Filter>Source Files\systems</Filter>
    </ClCompile>
    <ClCompile Include="physics_system.cpp">
      <Filter>Source Files\systems</Filter>
    </ClCompile>
    <ClCompile Include="main.cpp">
      <Filter>Source Files</Filter>
    </ClCompile>
    <ClCompile Include="player_control_system.cpp">
      <Filter>Source Files\systems</Filter>
    </ClCompile>
    <ClCompile Include="render_system.cpp">
      <Filter>Source Files\systems</Filter>
    </ClCompile>
    <ClCompile Include="resource_manager.cpp">
      <Filter>Source Files\graphics</Filter>
    </ClCompile>
    <ClCompile Include="transforms.cpp">
      <Filter>Source Files\math</Filter>
    </ClCompile>
    <ClCompile Include="mat3.cpp">
      <Filter>Source Files\math</Filter>
    </ClCompile>
    <ClCompile Include="mesh.cpp">
      <Filter>Source Files\graphics\mesh</Filter>
    </ClCompile>
    <ClCompile Include="shader.cpp">
      <Filter>Source Files\graphics\shaders</Filter>
    </ClCompile>
    <ClCompile Include="texture.cpp">
      <Filter>Source Files\graphics\shaders</Filter>
    </ClCompile>
    <ClCompile Include="stb_image.cpp">
      <Filter>Header Files\includes</Filter>
    </ClCompile>
    <ClCompile Include="scene_node.cpp">
      <Filter>Source Files\graphics\scene</Filter>
    </ClCompile>
    <ClCompile Include="render_target.cpp">
      <Filter>Source Files\graphics</Filter>
    </ClCompile>
    <ClCompile Include="material.cpp">
      <Filter>Source Files\graphics\shaders</Filter>
    </ClCompile>
    <ClCompile Include="texture_cube.cpp">
      <Filter>Source Files\graphics</Filter>
    </ClCompile>
  </ItemGroup>
  <ItemGroup>
    <None Include="component_array.hpp">
      <Filter>Header Files\core</Filter>
    </None>
    <None Include="packages.config" />
    <None Include="vertex.glsl">
      <Filter>Source Files\graphics\shaders</Filter>
    </None>
    <None Include="fragment.glsl">
      <Filter>Source Files\graphics\shaders</Filter>
    </None>
  </ItemGroup>
</Project>